{
  "name": "practice_1",
  "version": "1.0.0",
  "lockfileVersion": 2,
  "requires": true,
  "packages": {
    "": {
      "name": "practice_1",
      "version": "1.0.0",
      "license": "ISC",
      "dependencies": {
        "myModule": "^0.1.4"
      }
    },
    "node_modules/myModule": {
      "version": "0.1.4",
      "resolved": "https://registry.npmjs.org/myModule/-/myModule-0.1.4.tgz",
      "integrity": "sha512-5Nx2/oaajsQ4BWMG0UnW+HIaQrj7HdYNDgsBpr0QGqbNOE6WtJYTnElVVnqFNjUtB9mRMiK6Gd3UrhgFjWj4dA=="
    }
  },
  "dependencies": {
    "myModule": {
      "version": "0.1.4",
      "resolved": "https://registry.npmjs.org/myModule/-/myModule-0.1.4.tgz",
      "integrity": "sha512-5Nx2/oaajsQ4BWMG0UnW+HIaQrj7HdYNDgsBpr0QGqbNOE6WtJYTnElVVnqFNjUtB9mRMiK6Gd3UrhgFjWj4dA=="
    }
  }
}
